
Microsoft Visual Studio Solution File, Format Version 12.00
# Visual Studio Version 17
VisualStudioVersion = 17.5.002.0
MinimumVisualStudioVersion = 10.0.40219.1
Project("{9A19103F-16F7-4668-BE54-9A1E7A4F7556}") = "Selection", "Selection.csproj", "{D57F407A-1C93-4D83-911E-E963E15195BA}"
EndProject
Global
	GlobalSection(SolutionConfigurationPlatforms) = preSolution
		Debug|Any CPU = Debug|Any CPU
		Release|Any CPU = Release|Any CPU
	EndGlobalSection
	GlobalSection(ProjectConfigurationPlatforms) = postSolution
		{D57F407A-1C93-4D83-911E-E963E15195BA}.Debug|Any CPU.ActiveCfg = Debug|Any CPU
		{D57F407A-1C93-4D83-911E-E963E15195BA}.Debug|Any CPU.Build.0 = Debug|Any CPU
		{D57F407A-1C93-4D83-911E-E963E15195BA}.Release|Any CPU.ActiveCfg = Release|Any CPU
		{D57F407A-1C93-4D83-911E-E963E15195BA}.Release|Any CPU.Build.0 = Release|Any CPU
	EndGlobalSection
	GlobalSection(SolutionProperties) = preSolution
		HideSolutionNode = FALSE
	EndGlobalSection
	GlobalSection(ExtensibilityGlobals) = postSolution
		SolutionGuid = {6D207446-E161-46CD-9796-10028A16CDA5}
	EndGlobalSection
EndGlobal
