
Microsoft Visual Studio Solution File, Format Version 12.00
# Visual Studio Version 17
VisualStudioVersion = 17.0.31903.59
MinimumVisualStudioVersion = 10.0.40219.1
Project("{FAE04EC0-301F-11D3-BF4B-00C04F79EFBC}") = "Quick Sort", "Quick Sort\Quick Sort.csproj", "{066226F2-8CFE-49B5-8CBE-7AE6902D4F20}"
EndProject
Global
	GlobalSection(SolutionConfigurationPlatforms) = preSolution
		Debug|Any CPU = Debug|Any CPU
		Release|Any CPU = Release|Any CPU
	EndGlobalSection
	GlobalSection(SolutionProperties) = preSolution
		HideSolutionNode = FALSE
	EndGlobalSection
	GlobalSection(ProjectConfigurationPlatforms) = postSolution
		{066226F2-8CFE-49B5-8CBE-7AE6902D4F20}.Debug|Any CPU.ActiveCfg = Debug|Any CPU
		{066226F2-8CFE-49B5-8CBE-7AE6902D4F20}.Debug|Any CPU.Build.0 = Debug|Any CPU
		{066226F2-8CFE-49B5-8CBE-7AE6902D4F20}.Release|Any CPU.ActiveCfg = Release|Any CPU
		{066226F2-8CFE-49B5-8CBE-7AE6902D4F20}.Release|Any CPU.Build.0 = Release|Any CPU
	EndGlobalSection
EndGlobal
