
Microsoft Visual Studio Solution File, Format Version 12.00
# Visual Studio Version 17
VisualStudioVersion = 17.5.002.0
MinimumVisualStudioVersion = 10.0.40219.1
Project("{9A19103F-16F7-4668-BE54-9A1E7A4F7556}") = "Queue", "Queue.csproj", "{BE9EC3FC-59ED-428D-909F-EAD2F20DAE77}"
EndProject
Project("{FAE04EC0-301F-11D3-BF4B-00C04F79EFBC}") = "Single List", "..\..\..\vj4\Single list\Single List\Single List.csproj", "{BDAD5F7B-3ABF-4443-A7C7-4CCCBD576764}"
EndProject
Global
	GlobalSection(SolutionConfigurationPlatforms) = preSolution
		Debug|Any CPU = Debug|Any CPU
		Release|Any CPU = Release|Any CPU
	EndGlobalSection
	GlobalSection(ProjectConfigurationPlatforms) = postSolution
		{BE9EC3FC-59ED-428D-909F-EAD2F20DAE77}.Debug|Any CPU.ActiveCfg = Debug|Any CPU
		{BE9EC3FC-59ED-428D-909F-EAD2F20DAE77}.Debug|Any CPU.Build.0 = Debug|Any CPU
		{BE9EC3FC-59ED-428D-909F-EAD2F20DAE77}.Release|Any CPU.ActiveCfg = Release|Any CPU
		{BE9EC3FC-59ED-428D-909F-EAD2F20DAE77}.Release|Any CPU.Build.0 = Release|Any CPU
		{BDAD5F7B-3ABF-4443-A7C7-4CCCBD576764}.Debug|Any CPU.ActiveCfg = Debug|Any CPU
		{BDAD5F7B-3ABF-4443-A7C7-4CCCBD576764}.Debug|Any CPU.Build.0 = Debug|Any CPU
		{BDAD5F7B-3ABF-4443-A7C7-4CCCBD576764}.Release|Any CPU.ActiveCfg = Release|Any CPU
		{BDAD5F7B-3ABF-4443-A7C7-4CCCBD576764}.Release|Any CPU.Build.0 = Release|Any CPU
	EndGlobalSection
	GlobalSection(SolutionProperties) = preSolution
		HideSolutionNode = FALSE
	EndGlobalSection
	GlobalSection(ExtensibilityGlobals) = postSolution
		SolutionGuid = {9FBB1A14-B4FB-4C9A-AA1D-08B5B0C49A6E}
	EndGlobalSection
EndGlobal
